PODS:
  - Alamofire (3.4.1)
  - Heimdallr (3.3.1):
    - Heimdallr/Core (= 3.3.1)
  - Heimdallr/Core (3.3.1):
    - Result (~> 2.0)
  - PKHUD (3.2.1)
  - Result (2.1.3)
  - Router (1.0.0)
  - SideMenu (1.1.9)
  - SwiftyJSON (2.3.2)
  - Turbolinks (1.0.2)
  - YYKeyboardManager (1.0.1)

DEPENDENCIES:
  - Alamofire
  - Heimdallr
  - PKHUD
  - Router
  - SideMenu
  - SwiftyJSON
  - Turbolinks (from `https://github.com/turbolinks/turbolinks-ios.git`)
  - YYKeyboardManager

EXTERNAL SOURCES:
  Turbolinks:
    :git: https://github.com/turbolinks/turbolinks-ios.git

CHECKOUT OPTIONS:
  Turbolinks:
    :commit: b8702ffd6e06748120a678949fdde6dfc3edd397
    :git: https://github.com/turbolinks/turbolinks-ios.git

SPEC CHECKSUMS:
  Alamofire: 01a82e2f6c0f860ade35534c8dd88be61bdef40c
  Heimdallr: db5f669f3666cb0dc5ad326538fee3f6f8044417
  PKHUD: 001c11518f125a273ddf026bcc64918423744ea2
  Result: 18e1a7597fbcca5923c565b40a25a98afafdee02
  Router: 6088d6d321e097070d5ea4bd792cb015dfa0fbb4
  SideMenu: e4ecb0f1061e19230e53079edb2b300081446f80
  SwiftyJSON: 04ccea08915aa0109039157c7974cf0298da292a
  Turbolinks: d8209bab43803adae8c06d434368e16479023407
  YYKeyboardManager: ff53d2e80d1808567a7f004028bd200d9469a89f

PODFILE CHECKSUM: 60fa3209794e9fabd0cf6b737e3cf51c7fca9966

COCOAPODS: 1.0.1
